{
  "name": "@toolbucket/jstools",
  "version": "1.0.0",
  "lockfileVersion": 1,
  "requires": true,
  "dependencies": {
    "@types/estree": {
      "version": "0.0.50",
      "resolved": "https://registry.npmjs.org/@types/estree/-/estree-0.0.50.tgz",
      "integrity": "sha512-C6N5s2ZFtuZRj54k2/zyRhNDjJwwcViAM3Nbm8zjBpbqAdZ00mr0CFxvSKeO8Y/e03WVFLpQMdHYVfUd6SB+Hw==",
      "dev": true
    },
    "@types/node": {
      "version": "17.0.8",
      "resolved": "https://registry.npmjs.org/@types/node/-/node-17.0.8.tgz",
      "integrity": "sha512-YofkM6fGv4gDJq78g4j0mMuGMkZVxZDgtU0JRdx6FgiJDG+0fY0GKVolOV8WqVmEhLCXkQRjwDdKyPxJp/uucg==",
      "dev": true
    },
    "acorn": {
      "version": "7.4.1",
      "resolved": "https://registry.npmjs.org/acorn/-/acorn-7.4.1.tgz",
      "integrity": "sha512-nQyp0o1/mNdbTO1PO6kHkwSrmgZ0MT/jCCpNiwbUjGoRN4dlBhqJtoQuCnEOKzgTVwg0ZWiCoQy6SxMebQVh8A==",
      "dev": true
    },
    "agadoo": {
      "version": "2.0.0",
      "resolved": "https://registry.npmjs.org/agadoo/-/agadoo-2.0.0.tgz",
      "integrity": "sha512-68aFhseH51ZBKYKkQNxwDi1hJwTnywBjHWg068qFnMkpXShhOazNzJUPRvaLQjrqhT3EOUth5G9mt1A0/dGhOw==",
      "dev": true,
      "requires": {
        "acorn": "^7.1.0",
        "rollup": "^1",
        "rollup-plugin-virtual": "^1.0.1"
      }
    },
    "rollup": {
      "version": "1.32.1",
      "resolved": "https://registry.npmjs.org/rollup/-/rollup-1.32.1.tgz",
      "integrity": "sha512-/2HA0Ec70TvQnXdzynFffkjA6XN+1e2pEv/uKS5Ulca40g2L7KuOE3riasHoNVHOsFD5KKZgDsMk1CP3Tw9s+A==",
      "dev": true,
      "requires": {
        "@types/estree": "*",
        "@types/node": "*",
        "acorn": "^7.1.0"
      }
    },
    "rollup-plugin-virtual": {
      "version": "1.0.1",
      "resolved": "https://registry.npmjs.org/rollup-plugin-virtual/-/rollup-plugin-virtual-1.0.1.tgz",
      "integrity": "sha512-HCTBpV8MwP5lNzZrHD2moVxHIToHU1EkzkKGVj6Z0DcgUfxrxrZmeQirQeLz2yhnkJqRjwiVywK9CS8jDYakrw==",
      "dev": true
    }
  }
}
